// !$*UTF8*$!
{
	archiveVersion = 1;
	classes = {
	};
	objectVersion = 46;
	objects = {

/* Begin PBXBuildFile section */
		6BE54660198660B400E5D874 /* Foundation.framework in Frameworks */ = {isa = PBXBuildFile; fileRef = 6BE5465F198660B400E5D874 /* Foundation.framework */; };
		6BE54665198660B400E5D874 /* YoutubeUpload.h in CopyFiles */ = {isa = PBXBuildFile; fileRef = 6BE54664198660B400E5D874 /* YoutubeUpload.h */; };
		6BE54667198660B400E5D874 /* YoutubeUpload.m in Sources */ = {isa = PBXBuildFile; fileRef = 6BE54666198660B400E5D874 /* YoutubeUpload.m */; };
		6BE5466E198660B400E5D874 /* XCTest.framework in Frameworks */ = {isa = PBXBuildFile; fileRef = 6BE5466D198660B400E5D874 /* XCTest.framework */; };
		6BE5466F198660B400E5D874 /* Foundation.framework in Frameworks */ = {isa = PBXBuildFile; fileRef = 6BE5465F198660B400E5D874 /* Foundation.framework */; };
		6BE54671198660B400E5D874 /* UIKit.framework in Frameworks */ = {isa = PBXBuildFile; fileRef = 6BE54670198660B400E5D874 /* UIKit.framework */; };
		6BE54674198660B400E5D874 /* libYoutubeUpload.a in Frameworks */ = {isa = PBXBuildFile; fileRef = 6BE5465C198660B400E5D874 /* libYoutubeUpload.a */; };
		6BE5467A198660B400E5D874 /* InfoPlist.strings in Resources */ = {isa = PBXBuildFile; fileRef = 6BE54678198660B400E5D874 /* InfoPlist.strings */; };
		6BE5467C198660B400E5D874 /* YoutubeUploadTests.m in Sources */ = {isa = PBXBuildFile; fileRef = 6BE5467B198660B400E5D874 /* YoutubeUploadTests.m */; };
/* End PBXBuildFile section */

/* Begin PBXContainerItemProxy section */
		6BE54672198660B400E5D874 /* PBXContainerItemProxy */ = {
			isa = PBXContainerItemProxy;
			containerPortal = 6BE54654198660B400E5D874 /* Project object */;
			proxyType = 1;
			remoteGlobalIDString = 6BE5465B198660B400E5D874;
			remoteInfo = YoutubeUpload;
		};
/* End PBXContainerItemProxy section */

/* Begin PBXCopyFilesBuildPhase section */
		6BE5465A198660B400E5D874 /* CopyFiles */ = {
			isa = PBXCopyFilesBuildPhase;
			buildActionMask = 2147483647;
			dstPath = "include/$(PRODUCT_NAME)";
			dstSubfolderSpec = 16;
			files = (
				6BE54665198660B400E5D874 /* YoutubeUpload.h in CopyFiles */,
			);
			runOnlyForDeploymentPostprocessing = 0;
		};
/* End PBXCopyFilesBuildPhase section */

/* Begin PBXFileReference section */
		6BE5465C198660B400E5D874 /* libYoutubeUpload.a */ = {isa = PBXFileReference; explicitFileType = archive.ar; includeInIndex = 0; path = libYoutubeUpload.a; sourceTree = BUILT_PRODUCTS_DIR; };
		6BE5465F198660B400E5D874 /* Foundation.framework */ = {isa = PBXFileReference; lastKnownFileType = wrapper.framework; name = Foundation.framework; path = System/Library/Frameworks/Foundation.framework; sourceTree = SDKROOT; };
		6BE54663198660B400E5D874 /* YoutubeUpload-Prefix.pch */ = {isa = PBXFileReference; lastKnownFileType = sourcecode.c.h; path = "YoutubeUpload-Prefix.pch"; sourceTree = "<group>"; };
		6BE54664198660B400E5D874 /* YoutubeUpload.h */ = {isa = PBXFileReference; lastKnownFileType = sourcecode.c.h; path = YoutubeUpload.h; sourceTree = "<group>"; };
		6BE54666198660B400E5D874 /* YoutubeUpload.m */ = {isa = PBXFileReference; lastKnownFileType = sourcecode.c.objc; path = YoutubeUpload.m; sourceTree = "<group>"; };
		6BE5466C198660B400E5D874 /* YoutubeUploadTests.xctest */ = {isa = PBXFileReference; explicitFileType = wrapper.cfbundle; includeInIndex = 0; path = YoutubeUploadTests.xctest; sourceTree = BUILT_PRODUCTS_DIR; };
		6BE5466D198660B400E5D874 /* XCTest.framework */ = {isa = PBXFileReference; lastKnownFileType = wrapper.framework; name = XCTest.framework; path = Library/Frameworks/XCTest.framework; sourceTree = DEVELOPER_DIR; };
		6BE54670198660B400E5D874 /* UIKit.framework */ = {isa = PBXFileReference; lastKnownFileType = wrapper.framework; name = UIKit.framework; path = Library/Frameworks/UIKit.framework; sourceTree = DEVELOPER_DIR; };
		6BE54677198660B400E5D874 /* YoutubeUploadTests-Info.plist */ = {isa = PBXFileReference; lastKnownFileType = text.plist.xml; path = "YoutubeUploadTests-Info.plist"; sourceTree = "<group>"; };
		6BE54679198660B400E5D874 /* en */ = {isa = PBXFileReference; lastKnownFileType = text.plist.strings; name = en; path = en.lproj/InfoPlist.strings; sourceTree = "<group>"; };
		6BE5467B198660B400E5D874 /* YoutubeUploadTests.m */ = {isa = PBXFileReference; lastKnownFileType = sourcecode.c.objc; path = YoutubeUploadTests.m; sourceTree = "<group>"; };
/* End PBXFileReference section */

/* Begin PBXFrameworksBuildPhase section */
		6BE54659198660B400E5D874 /* Frameworks */ = {
			isa = PBXFrameworksBuildPhase;
			buildActionMask = 2147483647;
			files = (
				6BE54660198660B400E5D874 /* Foundation.framework in Frameworks */,
			);
			runOnlyForDeploymentPostprocessing = 0;
		};
		6BE54669198660B400E5D874 /* Frameworks */ = {
			isa = PBXFrameworksBuildPhase;
			buildActionMask = 2147483647;
			files = (
				6BE5466E198660B400E5D874 /* XCTest.framework in Frameworks */,
				6BE54671198660B400E5D874 /* UIKit.framework in Frameworks */,
				6BE54674198660B400E5D874 /* libYoutubeUpload.a in Frameworks */,
				6BE5466F198660B400E5D874 /* Foundation.framework in Frameworks */,
			);
			runOnlyForDeploymentPostprocessing = 0;
		};
/* End PBXFrameworksBuildPhase section */

/* Begin PBXGroup section */
		6BE54653198660B400E5D874 = {
			isa = PBXGroup;
			children = (
				6BE54661198660B400E5D874 /* YoutubeUpload */,
				6BE54675198660B400E5D874 /* YoutubeUploadTests */,
				6BE5465E198660B400E5D874 /* Frameworks */,
				6BE5465D198660B400E5D874 /* Products */,
			);
			sourceTree = "<group>";
		};
		6BE5465D198660B400E5D874 /* Products */ = {
			isa = PBXGroup;
			children = (
				6BE5465C198660B400E5D874 /* libYoutubeUpload.a */,
				6BE5466C198660B400E5D874 /* YoutubeUploadTests.xctest */,
			);
			name = Products;
			sourceTree = "<group>";
		};
		6BE5465E198660B400E5D874 /* Frameworks */ = {
			isa = PBXGroup;
			children = (
				6BE5465F198660B400E5D874 /* Foundation.framework */,
				6BE5466D198660B400E5D874 /* XCTest.framework */,
				6BE54670198660B400E5D874 /* UIKit.framework */,
			);
			name = Frameworks;
			sourceTree = "<group>";
		};
		6BE54661198660B400E5D874 /* YoutubeUpload */ = {
			isa = PBXGroup;
			children = (
				6BE54664198660B400E5D874 /* YoutubeUpload.h */,
				6BE54666198660B400E5D874 /* YoutubeUpload.m */,
				6BE54662198660B400E5D874 /* Supporting Files */,
			);
			path = YoutubeUpload;
			sourceTree = "<group>";
		};
		6BE54662198660B400E5D874 /* Supporting Files */ = {
			isa = PBXGroup;
			children = (
				6BE54663198660B400E5D874 /* YoutubeUpload-Prefix.pch */,
			);
			name = "Supporting Files";
			sourceTree = "<group>";
		};
		6BE54675198660B400E5D874 /* YoutubeUploadTests */ = {
			isa = PBXGroup;
			children = (
				6BE5467B198660B400E5D874 /* YoutubeUploadTests.m */,
				6BE54676198660B400E5D874 /* Supporting Files */,
			);
			path = YoutubeUploadTests;
			sourceTree = "<group>";
		};
		6BE54676198660B400E5D874 /* Supporting Files */ = {
			isa = PBXGroup;
			children = (
				6BE54677198660B400E5D874 /* YoutubeUploadTests-Info.plist */,
				6BE54678198660B400E5D874 /* InfoPlist.strings */,
			);
			name = "Supporting Files";
			sourceTree = "<group>";
		};
/* End PBXGroup section */

/* Begin PBXNativeTarget section */
		6BE5465B198660B400E5D874 /* YoutubeUpload */ = {
			isa = PBXNativeTarget;
			buildConfigurationList = 6BE5467F198660B400E5D874 /* Build configuration list for PBXNativeTarget "YoutubeUpload" */;
			buildPhases = (
				6BE54658198660B400E5D874 /* Sources */,
				6BE54659198660B400E5D874 /* Frameworks */,
				6BE5465A198660B400E5D874 /* CopyFiles */,
			);
			buildRules = (
			);
			dependencies = (
			);
			name = YoutubeUpload;
			productName = YoutubeUpload;
			productReference = 6BE5465C198660B400E5D874 /* libYoutubeUpload.a */;
			productType = "com.apple.product-type.library.static";
		};
		6BE5466B198660B400E5D874 /* YoutubeUploadTests */ = {
			isa = PBXNativeTarget;
			buildConfigurationList = 6BE54682198660B400E5D874 /* Build configuration list for PBXNativeTarget "YoutubeUploadTests" */;
			buildPhases = (
				6BE54668198660B400E5D874 /* Sources */,
				6BE54669198660B400E5D874 /* Frameworks */,
				6BE5466A198660B400E5D874 /* Resources */,
			);
			buildRules = (
			);
			dependencies = (
				6BE54673198660B400E5D874 /* PBXTargetDependency */,
			);
			name = YoutubeUploadTests;
			productName = YoutubeUploadTests;
			productReference = 6BE5466C198660B400E5D874 /* YoutubeUploadTests.xctest */;
			productType = "com.apple.product-type.bundle.unit-test";
		};
/* End PBXNativeTarget section */

/* Begin PBXProject section */
		6BE54654198660B400E5D874 /* Project object */ = {
			isa = PBXProject;
			attributes = {
				LastUpgradeCheck = 0510;
				ORGANIZATIONNAME = Peekaboo;
			};
			buildConfigurationList = 6BE54657198660B400E5D874 /* Build configuration list for PBXProject "YoutubeUpload" */;
			compatibilityVersion = "Xcode 3.2";
			developmentRegion = English;
			hasScannedForEncodings = 0;
			knownRegions = (
				en,
			);
			mainGroup = 6BE54653198660B400E5D874;
			productRefGroup = 6BE5465D198660B400E5D874 /* Products */;
			projectDirPath = "";
			projectRoot = "";
			targets = (
				6BE5465B198660B400E5D874 /* YoutubeUpload */,
				6BE5466B198660B400E5D874 /* YoutubeUploadTests */,
			);
		};
/* End PBXProject section */

/* Begin PBXResourcesBuildPhase section */
		6BE5466A198660B400E5D874 /* Resources */ = {
			isa = PBXResourcesBuildPhase;
			buildActionMask = 2147483647;
			files = (
				6BE5467A198660B400E5D874 /* InfoPlist.strings in Resources */,
			);
			runOnlyForDeploymentPostprocessing = 0;
		};
/* End PBXResourcesBuildPhase section */

/* Begin PBXSourcesBuildPhase section */
		6BE54658198660B400E5D874 /* Sources */ = {
			isa = PBXSourcesBuildPhase;
			buildActionMask = 2147483647;
			files = (
				6BE54667198660B400E5D874 /* YoutubeUpload.m in Sources */,
			);
			runOnlyForDeploymentPostprocessing = 0;
		};
		6BE54668198660B400E5D874 /* Sources */ = {
			isa = PBXSourcesBuildPhase;
			buildActionMask = 2147483647;
			files = (
				6BE5467C198660B400E5D874 /* YoutubeUploadTests.m in Sources */,
			);
			runOnlyForDeploymentPostprocessing = 0;
		};
/* End PBXSourcesBuildPhase section */

/* Begin PBXTargetDependency section */
		6BE54673198660B400E5D874 /* PBXTargetDependency */ = {
			isa = PBXTargetDependency;
			target = 6BE5465B198660B400E5D874 /* YoutubeUpload */;
			targetProxy = 6BE54672198660B400E5D874 /* PBXContainerItemProxy */;
		};
/* End PBXTargetDependency section */

/* Begin PBXVariantGroup section */
		6BE54678198660B400E5D874 /* InfoPlist.strings */ = {
			isa = PBXVariantGroup;
			children = (
				6BE54679198660B400E5D874 /* en */,
			);
			name = InfoPlist.strings;
			sourceTree = "<group>";
		};
/* End PBXVariantGroup section */

/* Begin XCBuildConfiguration section */
		6BE5467D198660B400E5D874 /* Debug */ = {
			isa = XCBuildConfiguration;
			buildSettings = {
				ALWAYS_SEARCH_USER_PATHS = NO;
				CLANG_CXX_LANGUAGE_STANDARD = "gnu++0x";
				CLANG_CXX_LIBRARY = "libc++";
				CLANG_ENABLE_MODULES = YES;
				CLANG_ENABLE_OBJC_ARC = YES;
				CLANG_WARN_BOOL_CONVERSION = YES;
				CLANG_WARN_CONSTANT_CONVERSION = YES;
				CLANG_WARN_DIRECT_OBJC_ISA_USAGE = YES_ERROR;
				CLANG_WARN_EMPTY_BODY = YES;
				CLANG_WARN_ENUM_CONVERSION = YES;
				CLANG_WARN_INT_CONVERSION = YES;
				CLANG_WARN_OBJC_ROOT_CLASS = YES_ERROR;
				CLANG_WARN__DUPLICATE_METHOD_MATCH = YES;
				COPY_PHASE_STRIP = NO;
				GCC_C_LANGUAGE_STANDARD = gnu99;
				GCC_DYNAMIC_NO_PIC = NO;
				GCC_OPTIMIZATION_LEVEL = 0;
				GCC_PREPROCESSOR_DEFINITIONS = (
					"DEBUG=1",
					"$(inherited)",
				);
				GCC_SYMBOLS_PRIVATE_EXTERN = NO;
				GCC_WARN_64_TO_32_BIT_CONVERSION = YES;
				GCC_WARN_ABOUT_RETURN_TYPE = YES_ERROR;
				GCC_WARN_UNDECLARED_SELECTOR = YES;
				GCC_WARN_UNINITIALIZED_AUTOS = YES_AGGRESSIVE;
				GCC_WARN_UNUSED_FUNCTION = YES;
				GCC_WARN_UNUSED_VARIABLE = YES;
				IPHONEOS_DEPLOYMENT_TARGET = 7.1;
				ONLY_ACTIVE_ARCH = YES;
				SDKROOT = iphoneos;
			};
			name = Debug;
		};
		6BE5467E198660B400E5D874 /* Release */ = {
			isa = XCBuildConfiguration;
			buildSettings = {
				ALWAYS_SEARCH_USER_PATHS = NO;
				CLANG_CXX_LANGUAGE_STANDARD = "gnu++0x";
				CLANG_CXX_LIBRARY = "libc++";
				CLANG_ENABLE_MODULES = YES;
				CLANG_ENABLE_OBJC_ARC = YES;
				CLANG_WARN_BOOL_CONVERSION = YES;
				CLANG_WARN_CONSTANT_CONVERSION = YES;
				CLANG_WARN_DIRECT_OBJC_ISA_USAGE = YES_ERROR;
				CLANG_WARN_EMPTY_BODY = YES;
				CLANG_WARN_ENUM_CONVERSION = YES;
				CLANG_WARN_INT_CONVERSION = YES;
				CLANG_WARN_OBJC_ROOT_CLASS = YES_ERROR;
				CLANG_WARN__DUPLICATE_METHOD_MATCH = YES;
				COPY_PHASE_STRIP = YES;
				ENABLE_NS_ASSERTIONS = NO;
				GCC_C_LANGUAGE_STANDARD = gnu99;
				GCC_WARN_64_TO_32_BIT_CONVERSION = YES;
				GCC_WARN_ABOUT_RETURN_TYPE = YES_ERROR;
				GCC_WARN_UNDECLARED_SELECTOR = YES;
				GCC_WARN_UNINITIALIZED_AUTOS = YES_AGGRESSIVE;
				GCC_WARN_UNUSED_FUNCTION = YES;
				GCC_WARN_UNUSED_VARIABLE = YES;
				IPHONEOS_DEPLOYMENT_TARGET = 7.1;
				SDKROOT = iphoneos;
				VALIDATE_PRODUCT = YES;
			};
			name = Release;
		};
		6BE54680198660B400E5D874 /* Debug */ = {
			isa = XCBuildConfiguration;
			buildSettings = {
				DSTROOT = /tmp/YoutubeUpload.dst;
				GCC_PRECOMPILE_PREFIX_HEADER = YES;
				GCC_PREFIX_HEADER = "YoutubeUpload/YoutubeUpload-Prefix.pch";
				OTHER_LDFLAGS = "-ObjC";
				PRODUCT_NAME = "$(TARGET_NAME)";
				SKIP_INSTALL = YES;
			};
			name = Debug;
		};
		6BE54681198660B400E5D874 /* Release */ = {
			isa = XCBuildConfiguration;
			buildSettings = {
				DSTROOT = /tmp/YoutubeUpload.dst;
				GCC_PRECOMPILE_PREFIX_HEADER = YES;
				GCC_PREFIX_HEADER = "YoutubeUpload/YoutubeUpload-Prefix.pch";
				OTHER_LDFLAGS = "-ObjC";
				PRODUCT_NAME = "$(TARGET_NAME)";
				SKIP_INSTALL = YES;
			};
			name = Release;
		};
		6BE54683198660B400E5D874 /* Debug */ = {
			isa = XCBuildConfiguration;
			buildSettings = {
				FRAMEWORK_SEARCH_PATHS = (
					"$(SDKROOT)/Developer/Library/Frameworks",
					"$(inherited)",
					"$(DEVELOPER_FRAMEWORKS_DIR)",
				);
				GCC_PRECOMPILE_PREFIX_HEADER = YES;
				GCC_PREFIX_HEADER = "YoutubeUpload/YoutubeUpload-Prefix.pch";
				GCC_PREPROCESSOR_DEFINITIONS = (
					"DEBUG=1",
					"$(inherited)",
				);
				INFOPLIST_FILE = "YoutubeUploadTests/YoutubeUploadTests-Info.plist";
				PRODUCT_NAME = "$(TARGET_NAME)";
				WRAPPER_EXTENSION = xctest;
			};
			name = Debug;
		};
		6BE54684198660B400E5D874 /* Release */ = {
			isa = XCBuildConfiguration;
			buildSettings = {
				FRAMEWORK_SEARCH_PATHS = (
					"$(SDKROOT)/Developer/Library/Frameworks",
					"$(inherited)",
					"$(DEVELOPER_FRAMEWORKS_DIR)",
				);
				GCC_PRECOMPILE_PREFIX_HEADER = YES;
				GCC_PREFIX_HEADER = "YoutubeUpload/YoutubeUpload-Prefix.pch";
				INFOPLIST_FILE = "YoutubeUploadTests/YoutubeUploadTests-Info.plist";
				PRODUCT_NAME = "$(TARGET_NAME)";
				WRAPPER_EXTENSION = xctest;
			};
			name = Release;
		};
/* End XCBuildConfiguration section */

/* Begin XCConfigurationList section */
		6BE54657198660B400E5D874 /* Build configuration list for PBXProject "YoutubeUpload" */ = {
			isa = XCConfigurationList;
			buildConfigurations = (
				6BE5467D198660B400E5D874 /* Debug */,
				6BE5467E198660B400E5D874 /* Release */,
			);
			defaultConfigurationIsVisible = 0;
			defaultConfigurationName = Release;
		};
		6BE5467F198660B400E5D874 /* Build configuration list for PBXNativeTarget "YoutubeUpload" */ = {
			isa = XCConfigurationList;
			buildConfigurations = (
				6BE54680198660B400E5D874 /* Debug */,
				6BE54681198660B400E5D874 /* Release */,
			);
			defaultConfigurationIsVisible = 0;
		};
		6BE54682198660B400E5D874 /* Build configuration list for PBXNativeTarget "YoutubeUploadTests" */ = {
			isa = XCConfigurationList;
			buildConfigurations = (
				6BE54683198660B400E5D874 /* Debug */,
				6BE54684198660B400E5D874 /* Release */,
			);
			defaultConfigurationIsVisible = 0;
		};
/* End XCConfigurationList section */
	};
	rootObject = 6BE54654198660B400E5D874 /* Project object */;
}
